{
  "name": "magenta-breeze-war",
  "lockfileVersion": 3,
  "requires": true,
  "packages": {
    "": {
      "dependencies": {
        "@claviska/jquery-minicolors": "^2.3.6",
        "@fortawesome/fontawesome-free": "^6.7.1",
        "bootstrap": "^5.3.3",
        "htmx-ext-sse": "^2.2.2",
        "htmx.org": "^2.0.3",
        "jquery": "^3.7.1"
      }
    },
    "node_modules/@claviska/jquery-minicolors": {
      "version": "2.3.6",
      "resolved": "https://registry.npmjs.org/@claviska/jquery-minicolors/-/jquery-minicolors-2.3.6.tgz",
      "integrity": "sha512-8Ro6D4GCrmOl41+6w4NFhEOpx8vjxwVRI69bulXsFDt49uVRKhLU5TnzEV7AmOJrylkVq+ugnYNMiGHBieeKUQ==",
      "peerDependencies": {
        "jquery": ">= 1.7.x"
      }
    },
    "node_modules/@fortawesome/fontawesome-free": {
      "version": "6.7.1",
      "resolved": "https://registry.npmjs.org/@fortawesome/fontawesome-free/-/fontawesome-free-6.7.1.tgz",
      "integrity": "sha512-ALIk/MOh5gYe1TG/ieS5mVUsk7VUIJTJKPMK9rFFqOgfp0Q3d5QiBXbcOMwUvs37fyZVCz46YjOE6IFeOAXCHA==",
      "engines": {
        "node": ">=6"
      }
    },
    "node_modules/@popperjs/core": {
      "version": "2.11.8",
      "resolved": "https://registry.npmjs.org/@popperjs/core/-/core-2.11.8.tgz",
      "integrity": "sha512-P1st0aksCrn9sGZhp8GMYwBnQsbvAWsZAX44oXNNvLHGqAOcoVxmjZiohstwQ7SqKnbR47akdNi+uleWD8+g6A==",
      "peer": true,
      "funding": {
        "type": "opencollective",
        "url": "https://opencollective.com/popperjs"
      }
    },
    "node_modules/bootstrap": {
      "version": "5.3.3",
      "resolved": "https://registry.npmjs.org/bootstrap/-/bootstrap-5.3.3.tgz",
      "integrity": "sha512-8HLCdWgyoMguSO9o+aH+iuZ+aht+mzW0u3HIMzVu7Srrpv7EBBxTnrFlSCskwdY1+EOFQSm7uMJhNQHkdPcmjg==",
      "funding": [
        {
          "type": "github",
          "url": "https://github.com/sponsors/twbs"
        },
        {
          "type": "opencollective",
          "url": "https://opencollective.com/bootstrap"
        }
      ],
      "peerDependencies": {
        "@popperjs/core": "^2.11.8"
      }
    },
    "node_modules/htmx-ext-sse": {
      "version": "2.2.2",
      "resolved": "https://registry.npmjs.org/htmx-ext-sse/-/htmx-ext-sse-2.2.2.tgz",
      "integrity": "sha512-MTnKkBzA2t4sI8gOXrRiPaceTlkUbrw3+3qOy1BfuBNIPBalsJiT4qxUGd6W48ggOkfe2akOnB8uxICJKw+Dsg=="
    },
    "node_modules/htmx.org": {
      "version": "2.0.3",
      "resolved": "https://registry.npmjs.org/htmx.org/-/htmx.org-2.0.3.tgz",
      "integrity": "sha512-AeoJUAjkCVVajbfKX+3sVQBTCt8Ct4lif1T+z/tptTXo8+8yyq3QIMQQe/IT+R8ssfrO1I0DeX4CAronzCL6oA=="
    },
    "node_modules/jquery": {
      "version": "3.7.1",
      "resolved": "https://registry.npmjs.org/jquery/-/jquery-3.7.1.tgz",
      "integrity": "sha512-m4avr8yL8kmFN8psrbFFFmB/If14iN5o9nw/NgnnM+kybDJpRsAynV2BsfpTYrTRysYUdADVD7CkUUizgkpLfg=="
    }
  }
}
